// !$*UTF8*$!
{
	archiveVersion = 1;
	classes = {
	};
	objectVersion = 55;
	objects = {

/* Begin PBXBuildFile section */
		A455062A287E06F200AC3FE2 /* Quicksand-SemiBold.ttf in Resources */ = {isa = PBXBuildFile; fileRef = A4550629287E06F200AC3FE2 /* Quicksand-SemiBold.ttf */; };
		A455062C287EF20500AC3FE2 /* DetailsViewController.swift in Sources */ = {isa = PBXBuildFile; fileRef = A455062B287EF20500AC3FE2 /* DetailsViewController.swift */; };
		A455062E287EF4A200AC3FE2 /* FeaturedViewController+UICollectionViewDelegate.swift in Sources */ = {isa = PBXBuildFile; fileRef = A455062D287EF4A200AC3FE2 /* FeaturedViewController+UICollectionViewDelegate.swift */; };
		A455063028809FFD00AC3FE2 /* TrendingViewController.swift in Sources */ = {isa = PBXBuildFile; fileRef = A455062F28809FFD00AC3FE2 /* TrendingViewController.swift */; };
		A45506322880A0FE00AC3FE2 /* SearchViewController.swift in Sources */ = {isa = PBXBuildFile; fileRef = A45506312880A0FE00AC3FE2 /* SearchViewController.swift */; };
		A45506342880A15000AC3FE2 /* UIViewController+Background.swift in Sources */ = {isa = PBXBuildFile; fileRef = A45506332880A15000AC3FE2 /* UIViewController+Background.swift */; };
		A45506362881974C00AC3FE2 /* TMDB-Info.plist in Resources */ = {isa = PBXBuildFile; fileRef = A45506352881974C00AC3FE2 /* TMDB-Info.plist */; };
		A455063A28819D9100AC3FE2 /* Movie+API.swift in Sources */ = {isa = PBXBuildFile; fileRef = A455063928819D9100AC3FE2 /* Movie+API.swift */; };
		A455063C2881AE8700AC3FE2 /* MovieResponse.swift in Sources */ = {isa = PBXBuildFile; fileRef = A455063B2881AE8700AC3FE2 /* MovieResponse.swift */; };
		A455063E2885ACD300AC3FE2 /* TableViewCell.swift in Sources */ = {isa = PBXBuildFile; fileRef = A455063D2885ACD300AC3FE2 /* TableViewCell.swift */; };
		A4ED4CCD28731C9000481812 /* AppDelegate.swift in Sources */ = {isa = PBXBuildFile; fileRef = A4ED4CCC28731C9000481812 /* AppDelegate.swift */; };
		A4ED4CCF28731C9000481812 /* SceneDelegate.swift in Sources */ = {isa = PBXBuildFile; fileRef = A4ED4CCE28731C9000481812 /* SceneDelegate.swift */; };
		A4ED4CD128731C9000481812 /* FeaturedViewController.swift in Sources */ = {isa = PBXBuildFile; fileRef = A4ED4CD028731C9000481812 /* FeaturedViewController.swift */; };
		A4ED4CD428731C9000481812 /* Main.storyboard in Resources */ = {isa = PBXBuildFile; fileRef = A4ED4CD228731C9000481812 /* Main.storyboard */; };
		A4ED4CD628731C9300481812 /* Assets.xcassets in Resources */ = {isa = PBXBuildFile; fileRef = A4ED4CD528731C9300481812 /* Assets.xcassets */; };
		A4ED4CD928731C9300481812 /* LaunchScreen.storyboard in Resources */ = {isa = PBXBuildFile; fileRef = A4ED4CD728731C9300481812 /* LaunchScreen.storyboard */; };
		A4ED4D25287C456600481812 /* PopularCollectionViewCell.swift in Sources */ = {isa = PBXBuildFile; fileRef = A4ED4D24287C456600481812 /* PopularCollectionViewCell.swift */; };
		A4ED4D27287C466D00481812 /* NowPlayingCollectionViewCell.swift in Sources */ = {isa = PBXBuildFile; fileRef = A4ED4D26287C466D00481812 /* NowPlayingCollectionViewCell.swift */; };
		A4ED4D30287D95FA00481812 /* Movie.swift in Sources */ = {isa = PBXBuildFile; fileRef = A4ED4D2F287D95FA00481812 /* Movie.swift */; };
		A4ED4D37287DA4B000481812 /* Movie+Upcoming.swift in Sources */ = {isa = PBXBuildFile; fileRef = A4ED4D32287DA4B000481812 /* Movie+Upcoming.swift */; };
		A4ED4D38287DA4B000481812 /* Movie+NowPlaying.swift in Sources */ = {isa = PBXBuildFile; fileRef = A4ED4D33287DA4B000481812 /* Movie+NowPlaying.swift */; };
		A4ED4D39287DA4B000481812 /* Movie+TrendingThisWeek.swift in Sources */ = {isa = PBXBuildFile; fileRef = A4ED4D34287DA4B000481812 /* Movie+TrendingThisWeek.swift */; };
		A4ED4D3A287DA4B000481812 /* Movie+TrendingToday.swift in Sources */ = {isa = PBXBuildFile; fileRef = A4ED4D35287DA4B000481812 /* Movie+TrendingToday.swift */; };
		A4ED4D3B287DA4B000481812 /* Movie+Popular.swift in Sources */ = {isa = PBXBuildFile; fileRef = A4ED4D36287DA4B000481812 /* Movie+Popular.swift */; };
		A4ED4D3D287DBE3300481812 /* UpcomingCollectionViewCell.swift in Sources */ = {isa = PBXBuildFile; fileRef = A4ED4D3C287DBE3300481812 /* UpcomingCollectionViewCell.swift */; };
		A4ED4D3F287DC15A00481812 /* FeaturedViewController+UICollectionViewDataSource.swift in Sources */ = {isa = PBXBuildFile; fileRef = A4ED4D3E287DC15A00481812 /* FeaturedViewController+UICollectionViewDataSource.swift */; };
		A4ED4D52287DF42E00481812 /* Oswald-Medium.ttf in Resources */ = {isa = PBXBuildFile; fileRef = A4ED4D4E287DF42E00481812 /* Oswald-Medium.ttf */; };
		A4ED4D53287DF42E00481812 /* Quicksand-Regular.ttf in Resources */ = {isa = PBXBuildFile; fileRef = A4ED4D4F287DF42E00481812 /* Quicksand-Regular.ttf */; };
		A4ED4D54287DF42E00481812 /* Quicksand-Medium.ttf in Resources */ = {isa = PBXBuildFile; fileRef = A4ED4D50287DF42E00481812 /* Quicksand-Medium.ttf */; };
		A4ED4D55287DF42E00481812 /* Oswald-Regular.ttf in Resources */ = {isa = PBXBuildFile; fileRef = A4ED4D51287DF42E00481812 /* Oswald-Regular.ttf */; };
/* End PBXBuildFile section */

/* Begin PBXFileReference section */
		A4550629287E06F200AC3FE2 /* Quicksand-SemiBold.ttf */ = {isa = PBXFileReference; lastKnownFileType = file; path = "Quicksand-SemiBold.ttf"; sourceTree = "<group>"; };
		A455062B287EF20500AC3FE2 /* DetailsViewController.swift */ = {isa = PBXFileReference; lastKnownFileType = sourcecode.swift; path = DetailsViewController.swift; sourceTree = "<group>"; };
		A455062D287EF4A200AC3FE2 /* FeaturedViewController+UICollectionViewDelegate.swift */ = {isa = PBXFileReference; lastKnownFileType = sourcecode.swift; path = "FeaturedViewController+UICollectionViewDelegate.swift"; sourceTree = "<group>"; };
		A455062F28809FFD00AC3FE2 /* TrendingViewController.swift */ = {isa = PBXFileReference; lastKnownFileType = sourcecode.swift; path = TrendingViewController.swift; sourceTree = "<group>"; };
		A45506312880A0FE00AC3FE2 /* SearchViewController.swift */ = {isa = PBXFileReference; lastKnownFileType = sourcecode.swift; path = SearchViewController.swift; sourceTree = "<group>"; };
		A45506332880A15000AC3FE2 /* UIViewController+Background.swift */ = {isa = PBXFileReference; lastKnownFileType = sourcecode.swift; path = "UIViewController+Background.swift"; sourceTree = "<group>"; };
		A45506352881974C00AC3FE2 /* TMDB-Info.plist */ = {isa = PBXFileReference; lastKnownFileType = text.plist.xml; path = "TMDB-Info.plist"; sourceTree = "<group>"; };
		A455063928819D9100AC3FE2 /* Movie+API.swift */ = {isa = PBXFileReference; fileEncoding = 4; lastKnownFileType = sourcecode.swift; name = "Movie+API.swift"; path = "../../../../Downloads/Movie+API.swift"; sourceTree = "<group>"; };
		A455063B2881AE8700AC3FE2 /* MovieResponse.swift */ = {isa = PBXFileReference; lastKnownFileType = sourcecode.swift; path = MovieResponse.swift; sourceTree = "<group>"; };
		A455063D2885ACD300AC3FE2 /* TableViewCell.swift */ = {isa = PBXFileReference; lastKnownFileType = sourcecode.swift; path = TableViewCell.swift; sourceTree = "<group>"; };
		A4ED4CC928731C9000481812 /* TriunfoChallenge.app */ = {isa = PBXFileReference; explicitFileType = wrapper.application; includeInIndex = 0; path = TriunfoChallenge.app; sourceTree = BUILT_PRODUCTS_DIR; };
		A4ED4CCC28731C9000481812 /* AppDelegate.swift */ = {isa = PBXFileReference; lastKnownFileType = sourcecode.swift; path = AppDelegate.swift; sourceTree = "<group>"; };
		A4ED4CCE28731C9000481812 /* SceneDelegate.swift */ = {isa = PBXFileReference; lastKnownFileType = sourcecode.swift; path = SceneDelegate.swift; sourceTree = "<group>"; };
		A4ED4CD028731C9000481812 /* FeaturedViewController.swift */ = {isa = PBXFileReference; lastKnownFileType = sourcecode.swift; path = FeaturedViewController.swift; sourceTree = "<group>"; };
		A4ED4CD328731C9000481812 /* Base */ = {isa = PBXFileReference; lastKnownFileType = file.storyboard; name = Base; path = Base.lproj/Main.storyboard; sourceTree = "<group>"; };
		A4ED4CD528731C9300481812 /* Assets.xcassets */ = {isa = PBXFileReference; lastKnownFileType = folder.assetcatalog; path = Assets.xcassets; sourceTree = "<group>"; };
		A4ED4CD828731C9300481812 /* Base */ = {isa = PBXFileReference; lastKnownFileType = file.storyboard; name = Base; path = Base.lproj/LaunchScreen.storyboard; sourceTree = "<group>"; };
		A4ED4CDA28731C9300481812 /* Info.plist */ = {isa = PBXFileReference; lastKnownFileType = text.plist.xml; path = Info.plist; sourceTree = "<group>"; };
		A4ED4D24287C456600481812 /* PopularCollectionViewCell.swift */ = {isa = PBXFileReference; lastKnownFileType = sourcecode.swift; path = PopularCollectionViewCell.swift; sourceTree = "<group>"; };
		A4ED4D26287C466D00481812 /* NowPlayingCollectionViewCell.swift */ = {isa = PBXFileReference; lastKnownFileType = sourcecode.swift; path = NowPlayingCollectionViewCell.swift; sourceTree = "<group>"; };
		A4ED4D2F287D95FA00481812 /* Movie.swift */ = {isa = PBXFileReference; lastKnownFileType = sourcecode.swift; path = Movie.swift; sourceTree = "<group>"; };
		A4ED4D32287DA4B000481812 /* Movie+Upcoming.swift */ = {isa = PBXFileReference; fileEncoding = 4; lastKnownFileType = sourcecode.swift; path = "Movie+Upcoming.swift"; sourceTree = "<group>"; };
		A4ED4D33287DA4B000481812 /* Movie+NowPlaying.swift */ = {isa = PBXFileReference; fileEncoding = 4; lastKnownFileType = sourcecode.swift; path = "Movie+NowPlaying.swift"; sourceTree = "<group>"; };
		A4ED4D34287DA4B000481812 /* Movie+TrendingThisWeek.swift */ = {isa = PBXFileReference; fileEncoding = 4; lastKnownFileType = sourcecode.swift; path = "Movie+TrendingThisWeek.swift"; sourceTree = "<group>"; };
		A4ED4D35287DA4B000481812 /* Movie+TrendingToday.swift */ = {isa = PBXFileReference; fileEncoding = 4; lastKnownFileType = sourcecode.swift; path = "Movie+TrendingToday.swift"; sourceTree = "<group>"; };
		A4ED4D36287DA4B000481812 /* Movie+Popular.swift */ = {isa = PBXFileReference; fileEncoding = 4; lastKnownFileType = sourcecode.swift; path = "Movie+Popular.swift"; sourceTree = "<group>"; };
		A4ED4D3C287DBE3300481812 /* UpcomingCollectionViewCell.swift */ = {isa = PBXFileReference; lastKnownFileType = sourcecode.swift; path = UpcomingCollectionViewCell.swift; sourceTree = "<group>"; };
		A4ED4D3E287DC15A00481812 /* FeaturedViewController+UICollectionViewDataSource.swift */ = {isa = PBXFileReference; lastKnownFileType = sourcecode.swift; path = "FeaturedViewController+UICollectionViewDataSource.swift"; sourceTree = "<group>"; };
		A4ED4D4E287DF42E00481812 /* Oswald-Medium.ttf */ = {isa = PBXFileReference; lastKnownFileType = file; path = "Oswald-Medium.ttf"; sourceTree = "<group>"; };
		A4ED4D4F287DF42E00481812 /* Quicksand-Regular.ttf */ = {isa = PBXFileReference; lastKnownFileType = file; path = "Quicksand-Regular.ttf"; sourceTree = "<group>"; };
		A4ED4D50287DF42E00481812 /* Quicksand-Medium.ttf */ = {isa = PBXFileReference; lastKnownFileType = file; path = "Quicksand-Medium.ttf"; sourceTree = "<group>"; };
		A4ED4D51287DF42E00481812 /* Oswald-Regular.ttf */ = {isa = PBXFileReference; lastKnownFileType = file; path = "Oswald-Regular.ttf"; sourceTree = "<group>"; };
/* End PBXFileReference section */

/* Begin PBXFrameworksBuildPhase section */
		A4ED4CC628731C9000481812 /* Frameworks */ = {
			isa = PBXFrameworksBuildPhase;
			buildActionMask = 2147483647;
			files = (
			);
			runOnlyForDeploymentPostprocessing = 0;
		};
/* End PBXFrameworksBuildPhase section */

/* Begin PBXGroup section */
		A4ED4CC028731C9000481812 = {
			isa = PBXGroup;
			children = (
				A4ED4CCB28731C9000481812 /* TriunfoChallenge */,
				A4ED4CCA28731C9000481812 /* Products */,
			);
			sourceTree = "<group>";
		};
		A4ED4CCA28731C9000481812 /* Products */ = {
			isa = PBXGroup;
			children = (
				A4ED4CC928731C9000481812 /* TriunfoChallenge.app */,
			);
			name = Products;
			sourceTree = "<group>";
		};
		A4ED4CCB28731C9000481812 /* TriunfoChallenge */ = {
			isa = PBXGroup;
			children = (
				A4ED4CCC28731C9000481812 /* AppDelegate.swift */,
				A4ED4CCE28731C9000481812 /* SceneDelegate.swift */,
				A4ED4D4D287DF41700481812 /* Fonts */,
				A4ED4D31287D960200481812 /* Model */,
				A4ED4D2A287C488600481812 /* SupportingFiles */,
				A4ED4D28287C46EE00481812 /* Controllers */,
				A4ED4D29287C473B00481812 /* View */,
			);
			path = TriunfoChallenge;
			sourceTree = "<group>";
		};
		A4ED4D28287C46EE00481812 /* Controllers */ = {
			isa = PBXGroup;
			children = (
				A4ED4CD028731C9000481812 /* FeaturedViewController.swift */,
				A4ED4D3E287DC15A00481812 /* FeaturedViewController+UICollectionViewDataSource.swift */,
				A455062B287EF20500AC3FE2 /* DetailsViewController.swift */,
				A455062D287EF4A200AC3FE2 /* FeaturedViewController+UICollectionViewDelegate.swift */,
				A455062F28809FFD00AC3FE2 /* TrendingViewController.swift */,
				A45506312880A0FE00AC3FE2 /* SearchViewController.swift */,
				A45506332880A15000AC3FE2 /* UIViewController+Background.swift */,
			);
			path = Controllers;
			sourceTree = "<group>";
		};
		A4ED4D29287C473B00481812 /* View */ = {
			isa = PBXGroup;
			children = (
				A4ED4CD728731C9300481812 /* LaunchScreen.storyboard */,
				A4ED4CD228731C9000481812 /* Main.storyboard */,
				A455063D2885ACD300AC3FE2 /* TableViewCell.swift */,
				A4ED4D24287C456600481812 /* PopularCollectionViewCell.swift */,
				A4ED4D26287C466D00481812 /* NowPlayingCollectionViewCell.swift */,
				A4ED4D3C287DBE3300481812 /* UpcomingCollectionViewCell.swift */,
			);
			path = View;
			sourceTree = "<group>";
		};
		A4ED4D2A287C488600481812 /* SupportingFiles */ = {
			isa = PBXGroup;
			children = (
				A4ED4CDA28731C9300481812 /* Info.plist */,
				A4ED4CD528731C9300481812 /* Assets.xcassets */,
				A45506352881974C00AC3FE2 /* TMDB-Info.plist */,
			);
			name = SupportingFiles;
			sourceTree = "<group>";
		};
		A4ED4D31287D960200481812 /* Model */ = {
			isa = PBXGroup;
			children = (
				A455063928819D9100AC3FE2 /* Movie+API.swift */,
				A4ED4D33287DA4B000481812 /* Movie+NowPlaying.swift */,
				A4ED4D36287DA4B000481812 /* Movie+Popular.swift */,
				A4ED4D34287DA4B000481812 /* Movie+TrendingThisWeek.swift */,
				A4ED4D35287DA4B000481812 /* Movie+TrendingToday.swift */,
				A4ED4D32287DA4B000481812 /* Movie+Upcoming.swift */,
				A4ED4D2F287D95FA00481812 /* Movie.swift */,
				A455063B2881AE8700AC3FE2 /* MovieResponse.swift */,
			);
			path = Model;
			sourceTree = "<group>";
		};
		A4ED4D4D287DF41700481812 /* Fonts */ = {
			isa = PBXGroup;
			children = (
				A4ED4D4E287DF42E00481812 /* Oswald-Medium.ttf */,
				A4ED4D51287DF42E00481812 /* Oswald-Regular.ttf */,
				A4ED4D50287DF42E00481812 /* Quicksand-Medium.ttf */,
				A4550629287E06F200AC3FE2 /* Quicksand-SemiBold.ttf */,
				A4ED4D4F287DF42E00481812 /* Quicksand-Regular.ttf */,
			);
			path = Fonts;
			sourceTree = "<group>";
		};
/* End PBXGroup section */

/* Begin PBXNativeTarget section */
		A4ED4CC828731C9000481812 /* TriunfoChallenge */ = {
			isa = PBXNativeTarget;
			buildConfigurationList = A4ED4CDD28731C9300481812 /* Build configuration list for PBXNativeTarget "TriunfoChallenge" */;
			buildPhases = (
				A4ED4CC528731C9000481812 /* Sources */,
				A4ED4CC628731C9000481812 /* Frameworks */,
				A4ED4CC728731C9000481812 /* Resources */,
			);
			buildRules = (
			);
			dependencies = (
			);
			name = TriunfoChallenge;
			productName = TriunfoChallenge;
			productReference = A4ED4CC928731C9000481812 /* TriunfoChallenge.app */;
			productType = "com.apple.product-type.application";
		};
/* End PBXNativeTarget section */

/* Begin PBXProject section */
		A4ED4CC128731C9000481812 /* Project object */ = {
			isa = PBXProject;
			attributes = {
				BuildIndependentTargetsInParallel = 1;
				LastSwiftUpdateCheck = 1330;
				LastUpgradeCheck = 1330;
				TargetAttributes = {
					A4ED4CC828731C9000481812 = {
						CreatedOnToolsVersion = 13.3.1;
					};
				};
			};
			buildConfigurationList = A4ED4CC428731C9000481812 /* Build configuration list for PBXProject "TriunfoChallenge" */;
			compatibilityVersion = "Xcode 13.0";
			developmentRegion = en;
			hasScannedForEncodings = 0;
			knownRegions = (
				en,
				Base,
			);
			mainGroup = A4ED4CC028731C9000481812;
			productRefGroup = A4ED4CCA28731C9000481812 /* Products */;
			projectDirPath = "";
			projectRoot = "";
			targets = (
				A4ED4CC828731C9000481812 /* TriunfoChallenge */,
			);
		};
/* End PBXProject section */

/* Begin PBXResourcesBuildPhase section */
		A4ED4CC728731C9000481812 /* Resources */ = {
			isa = PBXResourcesBuildPhase;
			buildActionMask = 2147483647;
			files = (
				A4ED4CD928731C9300481812 /* LaunchScreen.storyboard in Resources */,
				A455062A287E06F200AC3FE2 /* Quicksand-SemiBold.ttf in Resources */,
				A4ED4D52287DF42E00481812 /* Oswald-Medium.ttf in Resources */,
				A4ED4CD628731C9300481812 /* Assets.xcassets in Resources */,
				A4ED4D55287DF42E00481812 /* Oswald-Regular.ttf in Resources */,
				A45506362881974C00AC3FE2 /* TMDB-Info.plist in Resources */,
				A4ED4CD428731C9000481812 /* Main.storyboard in Resources */,
				A4ED4D53287DF42E00481812 /* Quicksand-Regular.ttf in Resources */,
				A4ED4D54287DF42E00481812 /* Quicksand-Medium.ttf in Resources */,
			);
			runOnlyForDeploymentPostprocessing = 0;
		};
/* End PBXResourcesBuildPhase section */

/* Begin PBXSourcesBuildPhase section */
		A4ED4CC528731C9000481812 /* Sources */ = {
			isa = PBXSourcesBuildPhase;
			buildActionMask = 2147483647;
			files = (
				A4ED4D3D287DBE3300481812 /* UpcomingCollectionViewCell.swift in Sources */,
				A455063C2881AE8700AC3FE2 /* MovieResponse.swift in Sources */,
				A455063028809FFD00AC3FE2 /* TrendingViewController.swift in Sources */,
				A4ED4D37287DA4B000481812 /* Movie+Upcoming.swift in Sources */,
				A45506322880A0FE00AC3FE2 /* SearchViewController.swift in Sources */,
				A4ED4D3A287DA4B000481812 /* Movie+TrendingToday.swift in Sources */,
				A4ED4D3B287DA4B000481812 /* Movie+Popular.swift in Sources */,
				A4ED4D3F287DC15A00481812 /* FeaturedViewController+UICollectionViewDataSource.swift in Sources */,
				A4ED4D25287C456600481812 /* PopularCollectionViewCell.swift in Sources */,
				A45506342880A15000AC3FE2 /* UIViewController+Background.swift in Sources */,
				A4ED4CD128731C9000481812 /* FeaturedViewController.swift in Sources */,
				A4ED4D39287DA4B000481812 /* Movie+TrendingThisWeek.swift in Sources */,
				A455063E2885ACD300AC3FE2 /* TableViewCell.swift in Sources */,
				A4ED4D30287D95FA00481812 /* Movie.swift in Sources */,
				A4ED4D38287DA4B000481812 /* Movie+NowPlaying.swift in Sources */,
				A4ED4D27287C466D00481812 /* NowPlayingCollectionViewCell.swift in Sources */,
				A455062E287EF4A200AC3FE2 /* FeaturedViewController+UICollectionViewDelegate.swift in Sources */,
				A455062C287EF20500AC3FE2 /* DetailsViewController.swift in Sources */,
				A455063A28819D9100AC3FE2 /* Movie+API.swift in Sources */,
				A4ED4CCD28731C9000481812 /* AppDelegate.swift in Sources */,
				A4ED4CCF28731C9000481812 /* SceneDelegate.swift in Sources */,
			);
			runOnlyForDeploymentPostprocessing = 0;
		};
/* End PBXSourcesBuildPhase section */

/* Begin PBXVariantGroup section */
		A4ED4CD228731C9000481812 /* Main.storyboard */ = {
			isa = PBXVariantGroup;
			children = (
				A4ED4CD328731C9000481812 /* Base */,
			);
			name = Main.storyboard;
			sourceTree = "<group>";
		};
		A4ED4CD728731C9300481812 /* LaunchScreen.storyboard */ = {
			isa = PBXVariantGroup;
			children = (
				A4ED4CD828731C9300481812 /* Base */,
			);
			name = LaunchScreen.storyboard;
			sourceTree = "<group>";
		};
/* End PBXVariantGroup section */

/* Begin XCBuildConfiguration section */
		A4ED4CDB28731C9300481812 /* Debug */ = {
			isa = XCBuildConfiguration;
			buildSettings = {
				ALWAYS_SEARCH_USER_PATHS = NO;
				CLANG_ANALYZER_NONNULL = YES;
				CLANG_ANALYZER_NUMBER_OBJECT_CONVERSION = YES_AGGRESSIVE;
				CLANG_CXX_LANGUAGE_STANDARD = "gnu++17";
				CLANG_ENABLE_MODULES = YES;
				CLANG_ENABLE_OBJC_ARC = YES;
				CLANG_ENABLE_OBJC_WEAK = YES;
				CLANG_WARN_BLOCK_CAPTURE_AUTORELEASING = YES;
				CLANG_WARN_BOOL_CONVERSION = YES;
				CLANG_WARN_COMMA = YES;
				CLANG_WARN_CONSTANT_CONVERSION = YES;
				CLANG_WARN_DEPRECATED_OBJC_IMPLEMENTATIONS = YES;
				CLANG_WARN_DIRECT_OBJC_ISA_USAGE = YES_ERROR;
				CLANG_WARN_DOCUMENTATION_COMMENTS = YES;
				CLANG_WARN_EMPTY_BODY = YES;
				CLANG_WARN_ENUM_CONVERSION = YES;
				CLANG_WARN_INFINITE_RECURSION = YES;
				CLANG_WARN_INT_CONVERSION = YES;
				CLANG_WARN_NON_LITERAL_NULL_CONVERSION = YES;
				CLANG_WARN_OBJC_IMPLICIT_RETAIN_SELF = YES;
				CLANG_WARN_OBJC_LITERAL_CONVERSION = YES;
				CLANG_WARN_OBJC_ROOT_CLASS = YES_ERROR;
				CLANG_WARN_QUOTED_INCLUDE_IN_FRAMEWORK_HEADER = YES;
				CLANG_WARN_RANGE_LOOP_ANALYSIS = YES;
				CLANG_WARN_STRICT_PROTOTYPES = YES;
				CLANG_WARN_SUSPICIOUS_MOVE = YES;
				CLANG_WARN_UNGUARDED_AVAILABILITY = YES_AGGRESSIVE;
				CLANG_WARN_UNREACHABLE_CODE = YES;
				CLANG_WARN__DUPLICATE_METHOD_MATCH = YES;
				COPY_PHASE_STRIP = NO;
				DEBUG_INFORMATION_FORMAT = dwarf;
				ENABLE_STRICT_OBJC_MSGSEND = YES;
				ENABLE_TESTABILITY = YES;
				GCC_C_LANGUAGE_STANDARD = gnu11;
				GCC_DYNAMIC_NO_PIC = NO;
				GCC_NO_COMMON_BLOCKS = YES;
				GCC_OPTIMIZATION_LEVEL = 0;
				GCC_PREPROCESSOR_DEFINITIONS = (
					"DEBUG=1",
					"$(inherited)",
				);
				GCC_WARN_64_TO_32_BIT_CONVERSION = YES;
				GCC_WARN_ABOUT_RETURN_TYPE = YES_ERROR;
				GCC_WARN_UNDECLARED_SELECTOR = YES;
				GCC_WARN_UNINITIALIZED_AUTOS = YES_AGGRESSIVE;
				GCC_WARN_UNUSED_FUNCTION = YES;
				GCC_WARN_UNUSED_VARIABLE = YES;
				IPHONEOS_DEPLOYMENT_TARGET = 15.4;
				MTL_ENABLE_DEBUG_INFO = INCLUDE_SOURCE;
				MTL_FAST_MATH = YES;
				ONLY_ACTIVE_ARCH = YES;
				SDKROOT = iphoneos;
				SWIFT_ACTIVE_COMPILATION_CONDITIONS = DEBUG;
				SWIFT_OPTIMIZATION_LEVEL = "-Onone";
			};
			name = Debug;
		};
		A4ED4CDC28731C9300481812 /* Release */ = {
			isa = XCBuildConfiguration;
			buildSettings = {
				ALWAYS_SEARCH_USER_PATHS = NO;
				CLANG_ANALYZER_NONNULL = YES;
				CLANG_ANALYZER_NUMBER_OBJECT_CONVERSION = YES_AGGRESSIVE;
				CLANG_CXX_LANGUAGE_STANDARD = "gnu++17";
				CLANG_ENABLE_MODULES = YES;
				CLANG_ENABLE_OBJC_ARC = YES;
				CLANG_ENABLE_OBJC_WEAK = YES;
				CLANG_WARN_BLOCK_CAPTURE_AUTORELEASING = YES;
				CLANG_WARN_BOOL_CONVERSION = YES;
				CLANG_WARN_COMMA = YES;
				CLANG_WARN_CONSTANT_CONVERSION = YES;
				CLANG_WARN_DEPRECATED_OBJC_IMPLEMENTATIONS = YES;
				CLANG_WARN_DIRECT_OBJC_ISA_USAGE = YES_ERROR;
				CLANG_WARN_DOCUMENTATION_COMMENTS = YES;
				CLANG_WARN_EMPTY_BODY = YES;
				CLANG_WARN_ENUM_CONVERSION = YES;
				CLANG_WARN_INFINITE_RECURSION = YES;
				CLANG_WARN_INT_CONVERSION = YES;
				CLANG_WARN_NON_LITERAL_NULL_CONVERSION = YES;
				CLANG_WARN_OBJC_IMPLICIT_RETAIN_SELF = YES;
				CLANG_WARN_OBJC_LITERAL_CONVERSION = YES;
				CLANG_WARN_OBJC_ROOT_CLASS = YES_ERROR;
				CLANG_WARN_QUOTED_INCLUDE_IN_FRAMEWORK_HEADER = YES;
				CLANG_WARN_RANGE_LOOP_ANALYSIS = YES;
				CLANG_WARN_STRICT_PROTOTYPES = YES;
				CLANG_WARN_SUSPICIOUS_MOVE = YES;
				CLANG_WARN_UNGUARDED_AVAILABILITY = YES_AGGRESSIVE;
				CLANG_WARN_UNREACHABLE_CODE = YES;
				CLANG_WARN__DUPLICATE_METHOD_MATCH = YES;
				COPY_PHASE_STRIP = NO;
				DEBUG_INFORMATION_FORMAT = "dwarf-with-dsym";
				ENABLE_NS_ASSERTIONS = NO;
				ENABLE_STRICT_OBJC_MSGSEND = YES;
				GCC_C_LANGUAGE_STANDARD = gnu11;
				GCC_NO_COMMON_BLOCKS = YES;
				GCC_WARN_64_TO_32_BIT_CONVERSION = YES;
				GCC_WARN_ABOUT_RETURN_TYPE = YES_ERROR;
				GCC_WARN_UNDECLARED_SELECTOR = YES;
				GCC_WARN_UNINITIALIZED_AUTOS = YES_AGGRESSIVE;
				GCC_WARN_UNUSED_FUNCTION = YES;
				GCC_WARN_UNUSED_VARIABLE = YES;
				IPHONEOS_DEPLOYMENT_TARGET = 15.4;
				MTL_ENABLE_DEBUG_INFO = NO;
				MTL_FAST_MATH = YES;
				SDKROOT = iphoneos;
				SWIFT_COMPILATION_MODE = wholemodule;
				SWIFT_OPTIMIZATION_LEVEL = "-O";
				VALIDATE_PRODUCT = YES;
			};
			name = Release;
		};
		A4ED4CDE28731C9300481812 /* Debug */ = {
			isa = XCBuildConfiguration;
			buildSettings = {
				ASSETCATALOG_COMPILER_APPICON_NAME = AppIcon;
				ASSETCATALOG_COMPILER_GLOBAL_ACCENT_COLOR_NAME = AccentColor;
				CODE_SIGN_STYLE = Automatic;
				CURRENT_PROJECT_VERSION = 1;
				DEVELOPMENT_TEAM = 9YF48LKAWG;
				GENERATE_INFOPLIST_FILE = YES;
				INFOPLIST_FILE = TriunfoChallenge/Info.plist;
				INFOPLIST_KEY_CFBundleDisplayName = Ludi;
				INFOPLIST_KEY_UIApplicationSupportsIndirectInputEvents = YES;
				INFOPLIST_KEY_UILaunchStoryboardName = LaunchScreen;
				INFOPLIST_KEY_UIMainStoryboardFile = Main;
				INFOPLIST_KEY_UISupportedInterfaceOrientations_iPad = "UIInterfaceOrientationPortrait UIInterfaceOrientationPortraitUpsideDown UIInterfaceOrientationLandscapeLeft UIInterfaceOrientationLandscapeRight";
				INFOPLIST_KEY_UISupportedInterfaceOrientations_iPhone = "UIInterfaceOrientationPortrait UIInterfaceOrientationLandscapeLeft UIInterfaceOrientationLandscapeRight";
				LD_RUNPATH_SEARCH_PATHS = (
					"$(inherited)",
					"@executable_path/Frameworks",
				);
				MARKETING_VERSION = 1.0;
				PRODUCT_BUNDLE_IDENTIFIER = br.ufpe.cin.academy.TriunfoChallenge;
				PRODUCT_NAME = "$(TARGET_NAME)";
				SWIFT_EMIT_LOC_STRINGS = YES;
				SWIFT_VERSION = 5.0;
				TARGETED_DEVICE_FAMILY = "1,2";
			};
			name = Debug;
		};
		A4ED4CDF28731C9300481812 /* Release */ = {
			isa = XCBuildConfiguration;
			buildSettings = {
				ASSETCATALOG_COMPILER_APPICON_NAME = AppIcon;
				ASSETCATALOG_COMPILER_GLOBAL_ACCENT_COLOR_NAME = AccentColor;
				CODE_SIGN_STYLE = Automatic;
				CURRENT_PROJECT_VERSION = 1;
				DEVELOPMENT_TEAM = 9YF48LKAWG;
				GENERATE_INFOPLIST_FILE = YES;
				INFOPLIST_FILE = TriunfoChallenge/Info.plist;
				INFOPLIST_KEY_CFBundleDisplayName = Ludi;
				INFOPLIST_KEY_UIApplicationSupportsIndirectInputEvents = YES;
				INFOPLIST_KEY_UILaunchStoryboardName = LaunchScreen;
				INFOPLIST_KEY_UIMainStoryboardFile = Main;
				INFOPLIST_KEY_UISupportedInterfaceOrientations_iPad = "UIInterfaceOrientationPortrait UIInterfaceOrientationPortraitUpsideDown UIInterfaceOrientationLandscapeLeft UIInterfaceOrientationLandscapeRight";
				INFOPLIST_KEY_UISupportedInterfaceOrientations_iPhone = "UIInterfaceOrientationPortrait UIInterfaceOrientationLandscapeLeft UIInterfaceOrientationLandscapeRight";
				LD_RUNPATH_SEARCH_PATHS = (
					"$(inherited)",
					"@executable_path/Frameworks",
				);
				MARKETING_VERSION = 1.0;
				PRODUCT_BUNDLE_IDENTIFIER = br.ufpe.cin.academy.TriunfoChallenge;
				PRODUCT_NAME = "$(TARGET_NAME)";
				SWIFT_EMIT_LOC_STRINGS = YES;
				SWIFT_VERSION = 5.0;
				TARGETED_DEVICE_FAMILY = "1,2";
			};
			name = Release;
		};
/* End XCBuildConfiguration section */

/* Begin XCConfigurationList section */
		A4ED4CC428731C9000481812 /* Build configuration list for PBXProject "TriunfoChallenge" */ = {
			isa = XCConfigurationList;
			buildConfigurations = (
				A4ED4CDB28731C9300481812 /* Debug */,
				A4ED4CDC28731C9300481812 /* Release */,
			);
			defaultConfigurationIsVisible = 0;
			defaultConfigurationName = Release;
		};
		A4ED4CDD28731C9300481812 /* Build configuration list for PBXNativeTarget "TriunfoChallenge" */ = {
			isa = XCConfigurationList;
			buildConfigurations = (
				A4ED4CDE28731C9300481812 /* Debug */,
				A4ED4CDF28731C9300481812 /* Release */,
			);
			defaultConfigurationIsVisible = 0;
			defaultConfigurationName = Release;
		};
/* End XCConfigurationList section */
	};
	rootObject = A4ED4CC128731C9000481812 /* Project object */;
}
